
Microsoft Visual Studio Solution File, Format Version 12.00
# Visual Studio Version 17
VisualStudioVersion = 17.14.36401.2 d17.14
MinimumVisualStudioVersion = 10.0.40219.1
Project("{8BC9CEB8-8B4A-11D0-8D11-00A0C91BC942}") = "0x12253647", "0x12253647.vcxproj", "{0264CBF2-0CE6-469B-A94B-2742D0137E26}"
EndProject
Global
	GlobalSection(SolutionConfigurationPlatforms) = preSolution
		Debug|x64 = Debug|x64
		Debug|x86 = Debug|x86
		Release|x64 = Release|x64
		Release|x86 = Release|x86
	EndGlobalSection
	GlobalSection(ProjectConfigurationPlatforms) = postSolution
		{0264CBF2-0CE6-469B-A94B-2742D0137E26}.Debug|x64.ActiveCfg = Debug|x64
		{0264CBF2-0CE6-469B-A94B-2742D0137E26}.Debug|x64.Build.0 = Debug|x64
		{0264CBF2-0CE6-469B-A94B-2742D0137E26}.Debug|x86.ActiveCfg = Debug|Win32
		{0264CBF2-0CE6-469B-A94B-2742D0137E26}.Debug|x86.Build.0 = Debug|Win32
		{0264CBF2-0CE6-469B-A94B-2742D0137E26}.Release|x64.ActiveCfg = Release|x64
		{0264CBF2-0CE6-469B-A94B-2742D0137E26}.Release|x64.Build.0 = Release|x64
		{0264CBF2-0CE6-469B-A94B-2742D0137E26}.Release|x86.ActiveCfg = Release|Win32
		{0264CBF2-0CE6-469B-A94B-2742D0137E26}.Release|x86.Build.0 = Release|Win32
	EndGlobalSection
	GlobalSection(SolutionProperties) = preSolution
		HideSolutionNode = FALSE
	EndGlobalSection
	GlobalSection(ExtensibilityGlobals) = postSolution
		SolutionGuid = {102CC1CD-BC42-4DCE-A86A-ACAB9C65C6BF}
	EndGlobalSection
EndGlobal
