
Microsoft Visual Studio Solution File, Format Version 12.00
# Visual Studio Version 17
VisualStudioVersion = 17.14.36401.2 d17.14
MinimumVisualStudioVersion = 10.0.40219.1
Project("{8BC9CEB8-8B4A-11D0-8D11-00A0C91BC942}") = "struct", "struct.vcxproj", "{992F045D-F6D5-48B9-8AF1-C6558B9B5387}"
EndProject
Global
	GlobalSection(SolutionConfigurationPlatforms) = preSolution
		Debug|x64 = Debug|x64
		Debug|x86 = Debug|x86
		Release|x64 = Release|x64
		Release|x86 = Release|x86
	EndGlobalSection
	GlobalSection(ProjectConfigurationPlatforms) = postSolution
		{992F045D-F6D5-48B9-8AF1-C6558B9B5387}.Debug|x64.ActiveCfg = Debug|x64
		{992F045D-F6D5-48B9-8AF1-C6558B9B5387}.Debug|x64.Build.0 = Debug|x64
		{992F045D-F6D5-48B9-8AF1-C6558B9B5387}.Debug|x86.ActiveCfg = Debug|Win32
		{992F045D-F6D5-48B9-8AF1-C6558B9B5387}.Debug|x86.Build.0 = Debug|Win32
		{992F045D-F6D5-48B9-8AF1-C6558B9B5387}.Release|x64.ActiveCfg = Release|x64
		{992F045D-F6D5-48B9-8AF1-C6558B9B5387}.Release|x64.Build.0 = Release|x64
		{992F045D-F6D5-48B9-8AF1-C6558B9B5387}.Release|x86.ActiveCfg = Release|Win32
		{992F045D-F6D5-48B9-8AF1-C6558B9B5387}.Release|x86.Build.0 = Release|Win32
	EndGlobalSection
	GlobalSection(SolutionProperties) = preSolution
		HideSolutionNode = FALSE
	EndGlobalSection
	GlobalSection(ExtensibilityGlobals) = postSolution
		SolutionGuid = {829B3B84-BBCD-4FF4-B536-4CBE69E5FE57}
	EndGlobalSection
EndGlobal
